<?xml version="1.0" encoding="utf-8"?>
<Project ToolsVersion="4.0" xmlns="http://schemas.microsoft.com/developer/msbuild/2003">
  <ItemGroup>
    <Filter Include="소스 파일">
      <UniqueIdentifier>{4FC737F1-C7A5-4376-A066-2A32D752A2FF}</UniqueIdentifier>
      <Extensions>cpp;c;cc;cxx;c++;cppm;ixx;def;odl;idl;hpj;bat;asm;asmx</Extensions>
    </Filter>
    <Filter Include="리소스 파일">
      <UniqueIdentifier>{67DA6AB6-F800-4c08-8B7A-83BB121AAD01}</UniqueIdentifier>
      <Extensions>rc;ico;cur;bmp;dlg;rc2;rct;bin;rgs;gif;jpg;jpeg;jpe;resx;tiff;tif;png;wav;mfcribbon-ms</Extensions>
    </Filter>
    <Filter Include="소스 파일\EngineLayer">
      <UniqueIdentifier>{bfa7edb2-934a-4f21-a71f-c7d65ed8aec5}</UniqueIdentifier>
    </Filter>
    <Filter Include="소스 파일\EngineLayer\Decode">
      <UniqueIdentifier>{10093e2e-0028-4d38-b910-e744dbc57391}</UniqueIdentifier>
    </Filter>
    <Filter Include="소스 파일\EngineLayer\Encode">
      <UniqueIdentifier>{82d45c87-b1ef-4a8c-a5c0-02151f43a0e5}</UniqueIdentifier>
    </Filter>
    <Filter Include="소스 파일\NetworkLayer">
      <UniqueIdentifier>{54ee3c65-301e-4cac-bf4a-f003e6055968}</UniqueIdentifier>
    </Filter>
    <Filter Include="소스 파일\Utils">
      <UniqueIdentifier>{b08355b3-2d0b-4dc7-9d1a-79166add922d}</UniqueIdentifier>
    </Filter>
    <Filter Include="소스 파일\EngineLayer\EngineEventContainer">
      <UniqueIdentifier>{0f519022-b005-4efe-962b-6357068a492f}</UniqueIdentifier>
    </Filter>
    <Filter Include="소스 파일\NetworkLayer\IOCPServer">
      <UniqueIdentifier>{09ad6953-662b-4608-8ce5-0bfb5dd8fb8e}</UniqueIdentifier>
    </Filter>
    <Filter Include="소스 파일\NetworkLayer\IOCPClient">
      <UniqueIdentifier>{6828c1ad-3168-49a7-817a-0ef1d14c781b}</UniqueIdentifier>
    </Filter>
    <Filter Include="소스 파일\EngineLayer\Engine">
      <UniqueIdentifier>{b0d2872e-321c-4391-9adb-80a002903d45}</UniqueIdentifier>
    </Filter>
    <Filter Include="소스 파일\EngineLayer\Engine\ServerMode">
      <UniqueIdentifier>{01371d94-9abc-47ad-9e1b-a2d370585796}</UniqueIdentifier>
    </Filter>
    <Filter Include="소스 파일\EngineLayer\Engine\ServerMode\Passive">
      <UniqueIdentifier>{3ad419c1-5543-473a-8e39-398f6a53efd5}</UniqueIdentifier>
    </Filter>
    <Filter Include="소스 파일\EngineLayer\Engine\ServerMode\Physics">
      <UniqueIdentifier>{e595ae02-589d-44aa-9101-61de619dcc95}</UniqueIdentifier>
    </Filter>
    <Filter Include="소스 파일\EngineLayer\Engine\Broacast">
      <UniqueIdentifier>{4bf39fba-a51b-4dd9-9773-09f239193898}</UniqueIdentifier>
    </Filter>
  </ItemGroup>
  <ItemGroup>
    <ClInclude Include="pch.h">
      <Filter>소스 파일</Filter>
    </ClInclude>
    <ClInclude Include="framework.h">
      <Filter>소스 파일</Filter>
    </ClInclude>
    <ClInclude Include="Decoder.h">
      <Filter>소스 파일\EngineLayer\Decode</Filter>
    </ClInclude>
    <ClInclude Include="Encoder.h">
      <Filter>소스 파일\EngineLayer\Encode</Filter>
    </ClInclude>
    <ClInclude Include="PacketParser.h">
      <Filter>소스 파일\EngineLayer\Decode</Filter>
    </ClInclude>
    <ClInclude Include="S_PacketHeader.h">
      <Filter>소스 파일\EngineLayer</Filter>
    </ClInclude>
    <ClInclude Include="Accepter.h">
      <Filter>소스 파일\NetworkLayer\IOCPServer</Filter>
    </ClInclude>
    <ClInclude Include="I_NetworkCore.h">
      <Filter>소스 파일\NetworkLayer</Filter>
    </ClInclude>
    <ClInclude Include="NetworkLayer.h">
      <Filter>소스 파일\NetworkLayer</Filter>
    </ClInclude>
    <ClInclude Include="I_EngineEventContainer.h">
      <Filter>소스 파일\EngineLayer\EngineEventContainer</Filter>
    </ClInclude>
    <ClInclude Include="S_EngineEvent.h">
      <Filter>소스 파일\EngineLayer\EngineEventContainer</Filter>
    </ClInclude>
    <ClInclude Include="IOCPServer.h">
      <Filter>소스 파일\NetworkLayer\IOCPServer</Filter>
    </ClInclude>
    <ClInclude Include="OverlappedEx.h">
      <Filter>소스 파일\NetworkLayer\IOCPServer</Filter>
    </ClInclude>
    <ClInclude Include="Sender.h">
      <Filter>소스 파일\NetworkLayer\IOCPServer</Filter>
    </ClInclude>
    <ClInclude Include="Define.h">
      <Filter>소스 파일\Utils</Filter>
    </ClInclude>
    <ClInclude Include="SFUtil.h">
      <Filter>소스 파일\Utils</Filter>
    </ClInclude>
    <ClInclude Include="StringConversion.h">
      <Filter>소스 파일\Utils</Filter>
    </ClInclude>
    <ClInclude Include="S_PacketAttr.h">
      <Filter>소스 파일\EngineLayer</Filter>
    </ClInclude>
    <ClInclude Include="E_EngineEventType.h">
      <Filter>소스 파일\EngineLayer\EngineEventContainer</Filter>
    </ClInclude>
    <ClInclude Include="Engine.h">
      <Filter>소스 파일\EngineLayer\Engine</Filter>
    </ClInclude>
    <ClInclude Include="IOCPClient.h">
      <Filter>소스 파일\NetworkLayer\IOCPClient</Filter>
    </ClInclude>
    <ClInclude Include="Receiver.h">
      <Filter>소스 파일\NetworkLayer\IOCPServer</Filter>
    </ClInclude>
    <ClInclude Include="S_ServerConfig.h">
      <Filter>소스 파일\EngineLayer</Filter>
    </ClInclude>
    <ClInclude Include="E_EngineState.h">
      <Filter>소스 파일\EngineLayer\Engine</Filter>
    </ClInclude>
    <ClInclude Include="ServerMode.h">
      <Filter>소스 파일\EngineLayer\Engine\ServerMode</Filter>
    </ClInclude>
    <ClInclude Include="E_ServerMode.h">
      <Filter>소스 파일\EngineLayer\Engine\ServerMode</Filter>
    </ClInclude>
    <ClInclude Include="PassiveMode.h">
      <Filter>소스 파일\EngineLayer\Engine\ServerMode\Passive</Filter>
    </ClInclude>
    <ClInclude Include="PhysicsMode.h">
      <Filter>소스 파일\EngineLayer\Engine\ServerMode\Physics</Filter>
    </ClInclude>
    <ClInclude Include="I_Broadcaster.h">
      <Filter>소스 파일\EngineLayer\Engine\Broacast</Filter>
    </ClInclude>
    <ClInclude Include="NoWaitEngineEventContainer.h">
      <Filter>소스 파일\EngineLayer\EngineEventContainer</Filter>
    </ClInclude>
    <ClInclude Include="WaitEngineEventContainer.h">
      <Filter>소스 파일\EngineLayer\EngineEventContainer</Filter>
    </ClInclude>
  </ItemGroup>
  <ItemGroup>
    <ClCompile Include="pch.cpp">
      <Filter>소스 파일</Filter>
    </ClCompile>
    <ClCompile Include="Decoder.cpp">
      <Filter>소스 파일\EngineLayer\Decode</Filter>
    </ClCompile>
    <ClCompile Include="Encoder.cpp">
      <Filter>소스 파일\EngineLayer\Encode</Filter>
    </ClCompile>
    <ClCompile Include="PacketParser.cpp">
      <Filter>소스 파일\EngineLayer\Decode</Filter>
    </ClCompile>
    <ClCompile Include="Accepter.cpp">
      <Filter>소스 파일\NetworkLayer\IOCPServer</Filter>
    </ClCompile>
    <ClCompile Include="NetworkLayer.cpp">
      <Filter>소스 파일\NetworkLayer</Filter>
    </ClCompile>
    <ClCompile Include="IOCPServer.cpp">
      <Filter>소스 파일\NetworkLayer\IOCPServer</Filter>
    </ClCompile>
    <ClCompile Include="Sender.cpp">
      <Filter>소스 파일\NetworkLayer\IOCPServer</Filter>
    </ClCompile>
    <ClCompile Include="SFUtil.cpp">
      <Filter>소스 파일\Utils</Filter>
    </ClCompile>
    <ClCompile Include="StringConversion.cpp">
      <Filter>소스 파일\Utils</Filter>
    </ClCompile>
    <ClCompile Include="Engine.cpp">
      <Filter>소스 파일\EngineLayer\Engine</Filter>
    </ClCompile>
    <ClCompile Include="IOCPClient.cpp">
      <Filter>소스 파일\NetworkLayer\IOCPClient</Filter>
    </ClCompile>
    <ClCompile Include="Receiver.cpp">
      <Filter>소스 파일\NetworkLayer\IOCPServer</Filter>
    </ClCompile>
    <ClCompile Include="PassiveMode.cpp">
      <Filter>소스 파일\EngineLayer\Engine\ServerMode\Passive</Filter>
    </ClCompile>
    <ClCompile Include="PhysicsMode.cpp">
      <Filter>소스 파일\EngineLayer\Engine\ServerMode\Physics</Filter>
    </ClCompile>
    <ClCompile Include="NoWaitEngineEventContainer.cpp">
      <Filter>소스 파일\EngineLayer\EngineEventContainer</Filter>
    </ClCompile>
    <ClCompile Include="WaitEngineEventContainer.cpp">
      <Filter>소스 파일\EngineLayer\EngineEventContainer</Filter>
    </ClCompile>
  </ItemGroup>
</Project>