<?xml version="1.0" encoding="utf-8"?>
<Project ToolsVersion="4.0" xmlns="http://schemas.microsoft.com/developer/msbuild/2003">
  <ItemGroup>
    <Filter Include="소스 파일">
      <UniqueIdentifier>{4FC737F1-C7A5-4376-A066-2A32D752A2FF}</UniqueIdentifier>
      <Extensions>cpp;c;cc;cxx;c++;cppm;ixx;def;odl;idl;hpj;bat;asm;asmx</Extensions>
    </Filter>
    <Filter Include="리소스 파일">
      <UniqueIdentifier>{67DA6AB6-F800-4c08-8B7A-83BB121AAD01}</UniqueIdentifier>
      <Extensions>rc;ico;cur;bmp;dlg;rc2;rct;bin;rgs;gif;jpg;jpeg;jpe;resx;tiff;tif;png;wav;mfcribbon-ms</Extensions>
    </Filter>
    <Filter Include="소스 파일\User">
      <UniqueIdentifier>{956f3561-9cf0-462c-ae2c-306a57ec73f2}</UniqueIdentifier>
    </Filter>
    <Filter Include="소스 파일\Protocol">
      <UniqueIdentifier>{2540cbc3-b595-4023-851b-8d7f527ad112}</UniqueIdentifier>
    </Filter>
    <Filter Include="소스 파일\Handler">
      <UniqueIdentifier>{a6fde297-101a-4810-8394-a90b17e286e4}</UniqueIdentifier>
    </Filter>
    <Filter Include="소스 파일\Broadcast">
      <UniqueIdentifier>{a470b55f-d1bf-46a6-9153-bb61fa371a68}</UniqueIdentifier>
    </Filter>
    <Filter Include="소스 파일\Lobby">
      <UniqueIdentifier>{55f5a18b-1f59-407d-87f5-f65c4bca150a}</UniqueIdentifier>
    </Filter>
  </ItemGroup>
  <ItemGroup>
    <ClCompile Include="main.cpp">
      <Filter>소스 파일</Filter>
    </ClCompile>
    <ClCompile Include="UserManager.cpp">
      <Filter>소스 파일\User</Filter>
    </ClCompile>
    <ClCompile Include="LobbyManager.cpp">
      <Filter>소스 파일\Lobby</Filter>
    </ClCompile>
    <ClCompile Include="Serializer.cpp">
      <Filter>소스 파일</Filter>
    </ClCompile>
    <ClCompile Include="LobbyServerHandler.cpp">
      <Filter>소스 파일\Handler</Filter>
    </ClCompile>
    <ClCompile Include="DBClientHandler.cpp">
      <Filter>소스 파일\Handler</Filter>
    </ClCompile>
    <ClCompile Include="db_protocol.pb.cc">
      <Filter>소스 파일\Protocol</Filter>
    </ClCompile>
    <ClCompile Include="lobby_protocol.pb.cc">
      <Filter>소스 파일\Protocol</Filter>
    </ClCompile>
    <ClCompile Include="MatchClientHandler.cpp">
      <Filter>소스 파일\Handler</Filter>
    </ClCompile>
    <ClCompile Include="match_protocol.pb.cc">
      <Filter>소스 파일\Protocol</Filter>
    </ClCompile>
    <ClCompile Include="LobbyServerBroadcaster.cpp">
      <Filter>소스 파일\Broadcast</Filter>
    </ClCompile>
    <ClCompile Include="MatchClientBroadcaster.cpp">
      <Filter>소스 파일\Broadcast</Filter>
    </ClCompile>
    <ClCompile Include="DBClientBroadcaster.cpp">
      <Filter>소스 파일\Broadcast</Filter>
    </ClCompile>
  </ItemGroup>
  <ItemGroup>
    <ClInclude Include="UserManager.h">
      <Filter>소스 파일\User</Filter>
    </ClInclude>
    <ClInclude Include="LobbyManager.h">
      <Filter>소스 파일\Lobby</Filter>
    </ClInclude>
    <ClInclude Include="S_UserInfo.h">
      <Filter>소스 파일\User</Filter>
    </ClInclude>
    <ClInclude Include="Serializer.h">
      <Filter>소스 파일</Filter>
    </ClInclude>
    <ClInclude Include="E_EngineType.h">
      <Filter>소스 파일</Filter>
    </ClInclude>
    <ClInclude Include="LobbyServerHandler.h">
      <Filter>소스 파일\Handler</Filter>
    </ClInclude>
    <ClInclude Include="DBClientHandler.h">
      <Filter>소스 파일\Handler</Filter>
    </ClInclude>
    <ClInclude Include="db_protocol.pb.h">
      <Filter>소스 파일\Protocol</Filter>
    </ClInclude>
    <ClInclude Include="lobby_protocol.pb.h">
      <Filter>소스 파일\Protocol</Filter>
    </ClInclude>
    <ClInclude Include="MatchClientHandler.h">
      <Filter>소스 파일\Handler</Filter>
    </ClInclude>
    <ClInclude Include="match_protocol.pb.h">
      <Filter>소스 파일\Protocol</Filter>
    </ClInclude>
    <ClInclude Include="LobbyServerBroadcaster.h">
      <Filter>소스 파일\Broadcast</Filter>
    </ClInclude>
    <ClInclude Include="MatchClientBroadcaster.h">
      <Filter>소스 파일\Broadcast</Filter>
    </ClInclude>
    <ClInclude Include="DBClientBroadcaster.h">
      <Filter>소스 파일\Broadcast</Filter>
    </ClInclude>
    <ClInclude Include="E_UserState.h">
      <Filter>소스 파일\User</Filter>
    </ClInclude>
  </ItemGroup>
</Project>