<?xml version="1.0" encoding="utf-8"?>
<Project ToolsVersion="4.0" xmlns="http://schemas.microsoft.com/developer/msbuild/2003">
  <ItemGroup>
    <Filter Include="소스 파일">
      <UniqueIdentifier>{4FC737F1-C7A5-4376-A066-2A32D752A2FF}</UniqueIdentifier>
      <Extensions>cpp;c;cc;cxx;c++;cppm;ixx;def;odl;idl;hpj;bat;asm;asmx</Extensions>
    </Filter>
    <Filter Include="리소스 파일">
      <UniqueIdentifier>{67DA6AB6-F800-4c08-8B7A-83BB121AAD01}</UniqueIdentifier>
      <Extensions>rc;ico;cur;bmp;dlg;rc2;rct;bin;rgs;gif;jpg;jpeg;jpe;resx;tiff;tif;png;wav;mfcribbon-ms</Extensions>
    </Filter>
    <Filter Include="소스 파일\Handler">
      <UniqueIdentifier>{4c2ca53c-a6e2-4c21-856f-26cebb20a197}</UniqueIdentifier>
    </Filter>
    <Filter Include="소스 파일\Protocol">
      <UniqueIdentifier>{b0136877-34b5-4c65-869c-145234377f53}</UniqueIdentifier>
    </Filter>
    <Filter Include="소스 파일\Broadcast">
      <UniqueIdentifier>{5aa22401-defa-4f28-88ba-3b8819b12a8a}</UniqueIdentifier>
    </Filter>
    <Filter Include="소스 파일\Serializer">
      <UniqueIdentifier>{c2fc5813-8746-429a-9e3b-c245b4f3aeb9}</UniqueIdentifier>
    </Filter>
  </ItemGroup>
  <ItemGroup>
    <ClCompile Include="main.cpp">
      <Filter>소스 파일</Filter>
    </ClCompile>
    <ClCompile Include="MatchServerHandler.cpp">
      <Filter>소스 파일\Handler</Filter>
    </ClCompile>
    <ClCompile Include="match_protocol.pb.cc">
      <Filter>소스 파일\Protocol</Filter>
    </ClCompile>
    <ClCompile Include="ProcessGenerator.cpp">
      <Filter>소스 파일</Filter>
    </ClCompile>
    <ClCompile Include="MatchServerBroadcaster.cpp">
      <Filter>소스 파일\Broadcast</Filter>
    </ClCompile>
    <ClCompile Include="Serializer.cpp">
      <Filter>소스 파일\Serializer</Filter>
    </ClCompile>
  </ItemGroup>
  <ItemGroup>
    <ClInclude Include="E_EngineType.h">
      <Filter>소스 파일</Filter>
    </ClInclude>
    <ClInclude Include="MatchServerHandler.h">
      <Filter>소스 파일\Handler</Filter>
    </ClInclude>
    <ClInclude Include="match_protocol.pb.h">
      <Filter>소스 파일\Protocol</Filter>
    </ClInclude>
    <ClInclude Include="ProcessGenerator.h">
      <Filter>소스 파일</Filter>
    </ClInclude>
    <ClInclude Include="MatchServerBroadcaster.h">
      <Filter>소스 파일\Broadcast</Filter>
    </ClInclude>
    <ClInclude Include="Serializer.h">
      <Filter>소스 파일\Serializer</Filter>
    </ClInclude>
  </ItemGroup>
</Project>